
Microsoft Visual Studio Solution File, Format Version 12.00
# Visual Studio Version 17
VisualStudioVersion = 17.5.33424.131
MinimumVisualStudioVersion = 10.0.40219.1
Project("{9A19103F-16F7-4668-BE54-9A1E7A4F7556}") = "GGLMatchesAssessment", "GGLMatchesAssessment\GGLMatchesAssessment.csproj", "{1B50D117-3093-4A73-889F-E7F07B9DBEDE}"
EndProject
Project("{9A19103F-16F7-4668-BE54-9A1E7A4F7556}") = "NameCompatibilityTests", "NameCompatibilityTests\NameCompatibilityTests.csproj", "{0A223428-DA0F-485A-8C22-2B20251B7064}"
EndProject
Project("{9A19103F-16F7-4668-BE54-9A1E7A4F7556}") = "AssessmentAPI", "AssessmentAPI\AssessmentAPI.csproj", "{3381A7DA-22AE-4627-A659-3632E58E1F1B}"
EndProject
Project("{9A19103F-16F7-4668-BE54-9A1E7A4F7556}") = "NameMatcherUtilities", "NameMatcherUtilities\NameMatcherUtilities.csproj", "{A2C48240-93E6-4FEF-9AA7-AA6F022ADB6C}"
EndProject
Project("{FAE04EC0-301F-11D3-BF4B-00C04F79EFBC}") = "NameMatcherMAUI", "NameMatcherMAUI\NameMatcherMAUI.csproj", "{07DC145F-F777-4B11-A55A-FC08C6F66B23}"
EndProject
Global
	GlobalSection(SolutionConfigurationPlatforms) = preSolution
		Debug|Any CPU = Debug|Any CPU
		Release|Any CPU = Release|Any CPU
	EndGlobalSection
	GlobalSection(ProjectConfigurationPlatforms) = postSolution
		{1B50D117-3093-4A73-889F-E7F07B9DBEDE}.Debug|Any CPU.ActiveCfg = Debug|Any CPU
		{1B50D117-3093-4A73-889F-E7F07B9DBEDE}.Debug|Any CPU.Build.0 = Debug|Any CPU
		{1B50D117-3093-4A73-889F-E7F07B9DBEDE}.Release|Any CPU.ActiveCfg = Release|Any CPU
		{1B50D117-3093-4A73-889F-E7F07B9DBEDE}.Release|Any CPU.Build.0 = Release|Any CPU
		{0A223428-DA0F-485A-8C22-2B20251B7064}.Debug|Any CPU.ActiveCfg = Debug|Any CPU
		{0A223428-DA0F-485A-8C22-2B20251B7064}.Debug|Any CPU.Build.0 = Debug|Any CPU
		{0A223428-DA0F-485A-8C22-2B20251B7064}.Release|Any CPU.ActiveCfg = Release|Any CPU
		{0A223428-DA0F-485A-8C22-2B20251B7064}.Release|Any CPU.Build.0 = Release|Any CPU
		{3381A7DA-22AE-4627-A659-3632E58E1F1B}.Debug|Any CPU.ActiveCfg = Debug|Any CPU
		{3381A7DA-22AE-4627-A659-3632E58E1F1B}.Debug|Any CPU.Build.0 = Debug|Any CPU
		{3381A7DA-22AE-4627-A659-3632E58E1F1B}.Release|Any CPU.ActiveCfg = Release|Any CPU
		{3381A7DA-22AE-4627-A659-3632E58E1F1B}.Release|Any CPU.Build.0 = Release|Any CPU
		{A2C48240-93E6-4FEF-9AA7-AA6F022ADB6C}.Debug|Any CPU.ActiveCfg = Debug|Any CPU
		{A2C48240-93E6-4FEF-9AA7-AA6F022ADB6C}.Debug|Any CPU.Build.0 = Debug|Any CPU
		{A2C48240-93E6-4FEF-9AA7-AA6F022ADB6C}.Release|Any CPU.ActiveCfg = Release|Any CPU
		{A2C48240-93E6-4FEF-9AA7-AA6F022ADB6C}.Release|Any CPU.Build.0 = Release|Any CPU
		{07DC145F-F777-4B11-A55A-FC08C6F66B23}.Debug|Any CPU.ActiveCfg = Debug|Any CPU
		{07DC145F-F777-4B11-A55A-FC08C6F66B23}.Debug|Any CPU.Build.0 = Debug|Any CPU
		{07DC145F-F777-4B11-A55A-FC08C6F66B23}.Debug|Any CPU.Deploy.0 = Debug|Any CPU
		{07DC145F-F777-4B11-A55A-FC08C6F66B23}.Release|Any CPU.ActiveCfg = Release|Any CPU
		{07DC145F-F777-4B11-A55A-FC08C6F66B23}.Release|Any CPU.Build.0 = Release|Any CPU
		{07DC145F-F777-4B11-A55A-FC08C6F66B23}.Release|Any CPU.Deploy.0 = Release|Any CPU
	EndGlobalSection
	GlobalSection(SolutionProperties) = preSolution
		HideSolutionNode = FALSE
	EndGlobalSection
	GlobalSection(ExtensibilityGlobals) = postSolution
		SolutionGuid = {BE0432CF-1878-4FDF-8AA9-265410CCDA42}
	EndGlobalSection
EndGlobal
